
Microsoft Visual Studio Solution File, Format Version 12.00
# Visual Studio Version 16
VisualStudioVersion = 16.0.30517.126
MinimumVisualStudioVersion = 10.0.40219.1
Project("{FAE04EC0-301F-11D3-BF4B-00C04F79EFBC}") = "ActivityTracker", "ActivityTracker\ActivityTracker.csproj", "{AC210E17-3C6E-46C0-8980-C0769673FA0D}"
EndProject
Project("{FAE04EC0-301F-11D3-BF4B-00C04F79EFBC}") = "LINQExamples", "LINQWexamples\LINQWexamples\LINQExamples\LINQExamples.csproj", "{0A15764B-D1A3-416E-913B-0F1E63F4A314}"
EndProject
Project("{FAE04EC0-301F-11D3-BF4B-00C04F79EFBC}") = "Rad3012020Week1Lab1", "Rad3012020Week1Lab1\Rad3012020Week1Lab1.csproj", "{A2EF3B9B-C74B-40D3-8519-F40C006DC521}"
EndProject
Project("{FAE04EC0-301F-11D3-BF4B-00C04F79EFBC}") = "Week2Lab1ConsoleApp2020", "Week2Lab1ConsoleApp2020\Week2Lab1ConsoleApp2020.csproj", "{3B58A7EF-1FB8-41A4-9187-BCAD66A6F598}"
EndProject
Project("{FAE04EC0-301F-11D3-BF4B-00C04F79EFBC}") = "Week32021ClubDomain.Classes", "Week32021ClubDomain.Classes\Week32021ClubDomain.Classes.csproj", "{C43C8958-CEDB-4B95-81C1-9114EE19014A}"
EndProject
Project("{FAE04EC0-301F-11D3-BF4B-00C04F79EFBC}") = "Week32021MVCClub", "Week32021MVCClub\Week32021MVCClub.csproj", "{5D891456-193E-48F4-A106-19EEB4B5BB33}"
EndProject
Global
	GlobalSection(SolutionConfigurationPlatforms) = preSolution
		Debug|Any CPU = Debug|Any CPU
		Release|Any CPU = Release|Any CPU
	EndGlobalSection
	GlobalSection(ProjectConfigurationPlatforms) = postSolution
		{AC210E17-3C6E-46C0-8980-C0769673FA0D}.Debug|Any CPU.ActiveCfg = Debug|Any CPU
		{AC210E17-3C6E-46C0-8980-C0769673FA0D}.Debug|Any CPU.Build.0 = Debug|Any CPU
		{AC210E17-3C6E-46C0-8980-C0769673FA0D}.Release|Any CPU.ActiveCfg = Release|Any CPU
		{AC210E17-3C6E-46C0-8980-C0769673FA0D}.Release|Any CPU.Build.0 = Release|Any CPU
		{0A15764B-D1A3-416E-913B-0F1E63F4A314}.Debug|Any CPU.ActiveCfg = Debug|Any CPU
		{0A15764B-D1A3-416E-913B-0F1E63F4A314}.Debug|Any CPU.Build.0 = Debug|Any CPU
		{0A15764B-D1A3-416E-913B-0F1E63F4A314}.Release|Any CPU.ActiveCfg = Release|Any CPU
		{0A15764B-D1A3-416E-913B-0F1E63F4A314}.Release|Any CPU.Build.0 = Release|Any CPU
		{A2EF3B9B-C74B-40D3-8519-F40C006DC521}.Debug|Any CPU.ActiveCfg = Debug|Any CPU
		{A2EF3B9B-C74B-40D3-8519-F40C006DC521}.Debug|Any CPU.Build.0 = Debug|Any CPU
		{A2EF3B9B-C74B-40D3-8519-F40C006DC521}.Release|Any CPU.ActiveCfg = Release|Any CPU
		{A2EF3B9B-C74B-40D3-8519-F40C006DC521}.Release|Any CPU.Build.0 = Release|Any CPU
		{3B58A7EF-1FB8-41A4-9187-BCAD66A6F598}.Debug|Any CPU.ActiveCfg = Debug|Any CPU
		{3B58A7EF-1FB8-41A4-9187-BCAD66A6F598}.Debug|Any CPU.Build.0 = Debug|Any CPU
		{3B58A7EF-1FB8-41A4-9187-BCAD66A6F598}.Release|Any CPU.ActiveCfg = Release|Any CPU
		{3B58A7EF-1FB8-41A4-9187-BCAD66A6F598}.Release|Any CPU.Build.0 = Release|Any CPU
		{C43C8958-CEDB-4B95-81C1-9114EE19014A}.Debug|Any CPU.ActiveCfg = Debug|Any CPU
		{C43C8958-CEDB-4B95-81C1-9114EE19014A}.Debug|Any CPU.Build.0 = Debug|Any CPU
		{C43C8958-CEDB-4B95-81C1-9114EE19014A}.Release|Any CPU.ActiveCfg = Release|Any CPU
		{C43C8958-CEDB-4B95-81C1-9114EE19014A}.Release|Any CPU.Build.0 = Release|Any CPU
		{5D891456-193E-48F4-A106-19EEB4B5BB33}.Debug|Any CPU.ActiveCfg = Debug|Any CPU
		{5D891456-193E-48F4-A106-19EEB4B5BB33}.Debug|Any CPU.Build.0 = Debug|Any CPU
		{5D891456-193E-48F4-A106-19EEB4B5BB33}.Release|Any CPU.ActiveCfg = Release|Any CPU
		{5D891456-193E-48F4-A106-19EEB4B5BB33}.Release|Any CPU.Build.0 = Release|Any CPU
	EndGlobalSection
	GlobalSection(SolutionProperties) = preSolution
		HideSolutionNode = FALSE
	EndGlobalSection
	GlobalSection(ExtensibilityGlobals) = postSolution
		SolutionGuid = {4E6D6C59-0032-4E19-AF96-059D7846983E}
	EndGlobalSection
EndGlobal
